
Microsoft Visual Studio Solution File, Format Version 12.00
# Visual Studio Version 17
VisualStudioVersion = 17.2.32408.312
MinimumVisualStudioVersion = 10.0.40219.1
Project("{FAE04EC0-301F-11D3-BF4B-00C04F79EFBC}") = "LearnParallelTask", "LearnParallelTask\LearnParallelTask.csproj", "{92D907D6-050E-48A8-A307-A3BE50DE5B44}"
EndProject
Global
	GlobalSection(SolutionConfigurationPlatforms) = preSolution
		Debug|Any CPU = Debug|Any CPU
		Release|Any CPU = Release|Any CPU
	EndGlobalSection
	GlobalSection(ProjectConfigurationPlatforms) = postSolution
		{92D907D6-050E-48A8-A307-A3BE50DE5B44}.Debug|Any CPU.ActiveCfg = Debug|Any CPU
		{92D907D6-050E-48A8-A307-A3BE50DE5B44}.Debug|Any CPU.Build.0 = Debug|Any CPU
		{92D907D6-050E-48A8-A307-A3BE50DE5B44}.Release|Any CPU.ActiveCfg = Release|Any CPU
		{92D907D6-050E-48A8-A307-A3BE50DE5B44}.Release|Any CPU.Build.0 = Release|Any CPU
	EndGlobalSection
	GlobalSection(SolutionProperties) = preSolution
		HideSolutionNode = FALSE
	EndGlobalSection
	GlobalSection(ExtensibilityGlobals) = postSolution
		SolutionGuid = {9CFB6A0B-EC29-48D0-83AF-4F6C8E7A7B3F}
	EndGlobalSection
EndGlobal
